// !$*UTF8*$!
{
	archiveVersion = 1;
	classes = {
	};
	objectVersion = 46;
	objects = {

/* Begin PBXBuildFile section */
		6A00B4261C53985500728643 /* RealmFetchManager.swift in Sources */ = {isa = PBXBuildFile; fileRef = 6A00B4251C53985500728643 /* RealmFetchManager.swift */; };
		6A3305D11BCC09FB0052DF25 /* JSONSerializer.swift in Sources */ = {isa = PBXBuildFile; fileRef = 6A3305CE1BCC09FB0052DF25 /* JSONSerializer.swift */; };
		6A3305D21BCC09FB0052DF25 /* RealmSyncManager.swift in Sources */ = {isa = PBXBuildFile; fileRef = 6A3305CF1BCC09FB0052DF25 /* RealmSyncManager.swift */; };
		6A3305D91BCC0A5E0052DF25 /* Item.json in Resources */ = {isa = PBXBuildFile; fileRef = 6A3305D71BCC0A5E0052DF25 /* Item.json */; };
		6A3305DA1BCC0A5E0052DF25 /* User.json in Resources */ = {isa = PBXBuildFile; fileRef = 6A3305D81BCC0A5E0052DF25 /* User.json */; };
		6A3305DE1BCC0A820052DF25 /* RealmJSONSerializerTests.swift in Sources */ = {isa = PBXBuildFile; fileRef = 6A3305DB1BCC0A820052DF25 /* RealmJSONSerializerTests.swift */; };
		6A3305DF1BCC0A820052DF25 /* RealmSyncManagerTests.swift in Sources */ = {isa = PBXBuildFile; fileRef = 6A3305DC1BCC0A820052DF25 /* RealmSyncManagerTests.swift */; };
		6A3305E01BCC0A820052DF25 /* RealmTestCase.swift in Sources */ = {isa = PBXBuildFile; fileRef = 6A3305DD1BCC0A820052DF25 /* RealmTestCase.swift */; };
		6A37CB1B1D95CDAC00676C02 /* RKError.swift in Sources */ = {isa = PBXBuildFile; fileRef = 6A37CB1A1D95CDAC00676C02 /* RKError.swift */; };
		6A57D4A01C9ADBCF00A2FA9A /* RealmFetchPaged.swift in Sources */ = {isa = PBXBuildFile; fileRef = 6A57D49F1C9ADBCF00A2FA9A /* RealmFetchPaged.swift */; };
		6A64B7CD1BD9274900BEE59B /* RealmKit.swift in Sources */ = {isa = PBXBuildFile; fileRef = 6A64B7CC1BD9274900BEE59B /* RealmKit.swift */; };
		6A6ED69F1C5215A3004E6665 /* Fetch.swift in Sources */ = {isa = PBXBuildFile; fileRef = 6A6ED69E1C5215A3004E6665 /* Fetch.swift */; };
		6A6ED6A11C5215FA004E6665 /* Sync.swift in Sources */ = {isa = PBXBuildFile; fileRef = 6A6ED6A01C5215FA004E6665 /* Sync.swift */; };
		6A6ED6A31C521D4B004E6665 /* RealmKitObject.swift in Sources */ = {isa = PBXBuildFile; fileRef = 6A6ED6A21C521D4B004E6665 /* RealmKitObject.swift */; };
		6A71D84B1D9A7411009966E6 /* Protocols.swift in Sources */ = {isa = PBXBuildFile; fileRef = 6A71D84A1D9A7411009966E6 /* Protocols.swift */; };
		6A7357EA1BCC0958003F99EF /* RealmKit.h in Headers */ = {isa = PBXBuildFile; fileRef = 6A7357E91BCC0958003F99EF /* RealmKit.h */; settings = {ATTRIBUTES = (Public, ); }; };
		6A7357F11BCC0958003F99EF /* RealmKit.framework in Frameworks */ = {isa = PBXBuildFile; fileRef = 6A7357E61BCC0958003F99EF /* RealmKit.framework */; };
		6BE620BAD44F0DED06B0CBFE /* Pods_RealmKitTests.framework in Frameworks */ = {isa = PBXBuildFile; fileRef = 8C2F63E1C60F01FE88009B50 /* Pods_RealmKitTests.framework */; };
		C3272CE9D0044506D0CB21B3 /* Pods_RealmKit.framework in Frameworks */ = {isa = PBXBuildFile; fileRef = E021456C5010D2F77530E19D /* Pods_RealmKit.framework */; };
/* End PBXBuildFile section */

/* Begin PBXContainerItemProxy section */
		6A7357F21BCC0958003F99EF /* PBXContainerItemProxy */ = {
			isa = PBXContainerItemProxy;
			containerPortal = 6A7357DD1BCC0958003F99EF /* Project object */;
			proxyType = 1;
			remoteGlobalIDString = 6A7357E51BCC0958003F99EF;
			remoteInfo = RealmKit;
		};
/* End PBXContainerItemProxy section */

/* Begin PBXFileReference section */
		0209A4865AE7678737A41CB2 /* Pods-RealmKitTests.release.xcconfig */ = {isa = PBXFileReference; includeInIndex = 1; lastKnownFileType = text.xcconfig; name = "Pods-RealmKitTests.release.xcconfig"; path = "Pods/Target Support Files/Pods-RealmKitTests/Pods-RealmKitTests.release.xcconfig"; sourceTree = "<group>"; };
		37AAF79ECCA76A18469F15BF /* Pods-RealmKit.debug.xcconfig */ = {isa = PBXFileReference; includeInIndex = 1; lastKnownFileType = text.xcconfig; name = "Pods-RealmKit.debug.xcconfig"; path = "Pods/Target Support Files/Pods-RealmKit/Pods-RealmKit.debug.xcconfig"; sourceTree = "<group>"; };
		5DA37B9DA3EF4ABF74490F98 /* Pods-RealmKitTests.debug.xcconfig */ = {isa = PBXFileReference; includeInIndex = 1; lastKnownFileType = text.xcconfig; name = "Pods-RealmKitTests.debug.xcconfig"; path = "Pods/Target Support Files/Pods-RealmKitTests/Pods-RealmKitTests.debug.xcconfig"; sourceTree = "<group>"; };
		6A00B4251C53985500728643 /* RealmFetchManager.swift */ = {isa = PBXFileReference; fileEncoding = 4; lastKnownFileType = sourcecode.swift; path = RealmFetchManager.swift; sourceTree = "<group>"; };
		6A3305CE1BCC09FB0052DF25 /* JSONSerializer.swift */ = {isa = PBXFileReference; fileEncoding = 4; lastKnownFileType = sourcecode.swift; path = JSONSerializer.swift; sourceTree = "<group>"; };
		6A3305CF1BCC09FB0052DF25 /* RealmSyncManager.swift */ = {isa = PBXFileReference; fileEncoding = 4; lastKnownFileType = sourcecode.swift; path = RealmSyncManager.swift; sourceTree = "<group>"; };
		6A3305D71BCC0A5E0052DF25 /* Item.json */ = {isa = PBXFileReference; fileEncoding = 4; lastKnownFileType = text.json; path = Item.json; sourceTree = "<group>"; };
		6A3305D81BCC0A5E0052DF25 /* User.json */ = {isa = PBXFileReference; fileEncoding = 4; lastKnownFileType = text.json; path = User.json; sourceTree = "<group>"; };
		6A3305DB1BCC0A820052DF25 /* RealmJSONSerializerTests.swift */ = {isa = PBXFileReference; fileEncoding = 4; lastKnownFileType = sourcecode.swift; path = RealmJSONSerializerTests.swift; sourceTree = "<group>"; };
		6A3305DC1BCC0A820052DF25 /* RealmSyncManagerTests.swift */ = {isa = PBXFileReference; fileEncoding = 4; lastKnownFileType = sourcecode.swift; path = RealmSyncManagerTests.swift; sourceTree = "<group>"; };
		6A3305DD1BCC0A820052DF25 /* RealmTestCase.swift */ = {isa = PBXFileReference; fileEncoding = 4; lastKnownFileType = sourcecode.swift; path = RealmTestCase.swift; sourceTree = "<group>"; };
		6A37CB1A1D95CDAC00676C02 /* RKError.swift */ = {isa = PBXFileReference; fileEncoding = 4; lastKnownFileType = sourcecode.swift; path = RKError.swift; sourceTree = "<group>"; };
		6A57D49F1C9ADBCF00A2FA9A /* RealmFetchPaged.swift */ = {isa = PBXFileReference; fileEncoding = 4; lastKnownFileType = sourcecode.swift; path = RealmFetchPaged.swift; sourceTree = "<group>"; };
		6A64B7CC1BD9274900BEE59B /* RealmKit.swift */ = {isa = PBXFileReference; fileEncoding = 4; lastKnownFileType = sourcecode.swift; path = RealmKit.swift; sourceTree = "<group>"; };
		6A6ED69E1C5215A3004E6665 /* Fetch.swift */ = {isa = PBXFileReference; fileEncoding = 4; lastKnownFileType = sourcecode.swift; path = Fetch.swift; sourceTree = "<group>"; };
		6A6ED6A01C5215FA004E6665 /* Sync.swift */ = {isa = PBXFileReference; fileEncoding = 4; lastKnownFileType = sourcecode.swift; path = Sync.swift; sourceTree = "<group>"; };
		6A6ED6A21C521D4B004E6665 /* RealmKitObject.swift */ = {isa = PBXFileReference; fileEncoding = 4; lastKnownFileType = sourcecode.swift; path = RealmKitObject.swift; sourceTree = "<group>"; };
		6A71D84A1D9A7411009966E6 /* Protocols.swift */ = {isa = PBXFileReference; fileEncoding = 4; lastKnownFileType = sourcecode.swift; path = Protocols.swift; sourceTree = "<group>"; };
		6A7357E61BCC0958003F99EF /* RealmKit.framework */ = {isa = PBXFileReference; explicitFileType = wrapper.framework; includeInIndex = 0; path = RealmKit.framework; sourceTree = BUILT_PRODUCTS_DIR; };
		6A7357E91BCC0958003F99EF /* RealmKit.h */ = {isa = PBXFileReference; lastKnownFileType = sourcecode.c.h; path = RealmKit.h; sourceTree = "<group>"; };
		6A7357EB1BCC0958003F99EF /* Info.plist */ = {isa = PBXFileReference; lastKnownFileType = text.plist.xml; path = Info.plist; sourceTree = "<group>"; };
		6A7357F01BCC0958003F99EF /* RealmKitTests.xctest */ = {isa = PBXFileReference; explicitFileType = wrapper.cfbundle; includeInIndex = 0; path = RealmKitTests.xctest; sourceTree = BUILT_PRODUCTS_DIR; };
		6A7357F71BCC0958003F99EF /* Info.plist */ = {isa = PBXFileReference; lastKnownFileType = text.plist.xml; path = Info.plist; sourceTree = "<group>"; };
		8C2F63E1C60F01FE88009B50 /* Pods_RealmKitTests.framework */ = {isa = PBXFileReference; explicitFileType = wrapper.framework; includeInIndex = 0; path = Pods_RealmKitTests.framework; sourceTree = BUILT_PRODUCTS_DIR; };
		A9EBA931D396791C014642FC /* Pods-RealmKit.release.xcconfig */ = {isa = PBXFileReference; includeInIndex = 1; lastKnownFileType = text.xcconfig; name = "Pods-RealmKit.release.xcconfig"; path = "Pods/Target Support Files/Pods-RealmKit/Pods-RealmKit.release.xcconfig"; sourceTree = "<group>"; };
		E021456C5010D2F77530E19D /* Pods_RealmKit.framework */ = {isa = PBXFileReference; explicitFileType = wrapper.framework; includeInIndex = 0; path = Pods_RealmKit.framework; sourceTree = BUILT_PRODUCTS_DIR; };
/* End PBXFileReference section */

/* Begin PBXFrameworksBuildPhase section */
		6A7357E21BCC0958003F99EF /* Frameworks */ = {
			isa = PBXFrameworksBuildPhase;
			buildActionMask = 2147483647;
			files = (
				C3272CE9D0044506D0CB21B3 /* Pods_RealmKit.framework in Frameworks */,
			);
			runOnlyForDeploymentPostprocessing = 0;
		};
		6A7357ED1BCC0958003F99EF /* Frameworks */ = {
			isa = PBXFrameworksBuildPhase;
			buildActionMask = 2147483647;
			files = (
				6A7357F11BCC0958003F99EF /* RealmKit.framework in Frameworks */,
				6BE620BAD44F0DED06B0CBFE /* Pods_RealmKitTests.framework in Frameworks */,
			);
			runOnlyForDeploymentPostprocessing = 0;
		};
/* End PBXFrameworksBuildPhase section */

/* Begin PBXGroup section */
		0275F272F3D204D45DAE5B05 /* Pods */ = {
			isa = PBXGroup;
			children = (
				37AAF79ECCA76A18469F15BF /* Pods-RealmKit.debug.xcconfig */,
				A9EBA931D396791C014642FC /* Pods-RealmKit.release.xcconfig */,
				5DA37B9DA3EF4ABF74490F98 /* Pods-RealmKitTests.debug.xcconfig */,
				0209A4865AE7678737A41CB2 /* Pods-RealmKitTests.release.xcconfig */,
			);
			name = Pods;
			sourceTree = "<group>";
		};
		6A3305D51BCC0A1E0052DF25 /* Supporting Files */ = {
			isa = PBXGroup;
			children = (
				6A7357E91BCC0958003F99EF /* RealmKit.h */,
				6A7357EB1BCC0958003F99EF /* Info.plist */,
			);
			name = "Supporting Files";
			sourceTree = "<group>";
		};
		6A3305D61BCC0A540052DF25 /* json */ = {
			isa = PBXGroup;
			children = (
				6A3305D71BCC0A5E0052DF25 /* Item.json */,
				6A3305D81BCC0A5E0052DF25 /* User.json */,
			);
			name = json;
			sourceTree = "<group>";
		};
		6A37CB191D95C36500676C02 /* OLD */ = {
			isa = PBXGroup;
			children = (
				6A57D49F1C9ADBCF00A2FA9A /* RealmFetchPaged.swift */,
				6A00B4251C53985500728643 /* RealmFetchManager.swift */,
				6A3305CF1BCC09FB0052DF25 /* RealmSyncManager.swift */,
			);
			name = OLD;
			sourceTree = "<group>";
		};
		6A7357DC1BCC0958003F99EF = {
			isa = PBXGroup;
			children = (
				6A7357E81BCC0958003F99EF /* RealmKit */,
				6A7357F41BCC0958003F99EF /* RealmKitTests */,
				6A7357E71BCC0958003F99EF /* Products */,
				0275F272F3D204D45DAE5B05 /* Pods */,
				D94E331967F613F70E831D3A /* Frameworks */,
			);
			sourceTree = "<group>";
		};
		6A7357E71BCC0958003F99EF /* Products */ = {
			isa = PBXGroup;
			children = (
				6A7357E61BCC0958003F99EF /* RealmKit.framework */,
				6A7357F01BCC0958003F99EF /* RealmKitTests.xctest */,
			);
			name = Products;
			sourceTree = "<group>";
		};
		6A7357E81BCC0958003F99EF /* RealmKit */ = {
			isa = PBXGroup;
			children = (
				6A64B7CC1BD9274900BEE59B /* RealmKit.swift */,
				6A6ED6A21C521D4B004E6665 /* RealmKitObject.swift */,
				6A3305CE1BCC09FB0052DF25 /* JSONSerializer.swift */,
				6A6ED69E1C5215A3004E6665 /* Fetch.swift */,
				6A6ED6A01C5215FA004E6665 /* Sync.swift */,
				6A71D84A1D9A7411009966E6 /* Protocols.swift */,
				6A37CB1A1D95CDAC00676C02 /* RKError.swift */,
				6A37CB191D95C36500676C02 /* OLD */,
				6A3305D51BCC0A1E0052DF25 /* Supporting Files */,
			);
			path = RealmKit;
			sourceTree = "<group>";
		};
		6A7357F41BCC0958003F99EF /* RealmKitTests */ = {
			isa = PBXGroup;
			children = (
				6A3305DD1BCC0A820052DF25 /* RealmTestCase.swift */,
				6A3305DB1BCC0A820052DF25 /* RealmJSONSerializerTests.swift */,
				6A3305DC1BCC0A820052DF25 /* RealmSyncManagerTests.swift */,
				6A3305D61BCC0A540052DF25 /* json */,
				6A7357F71BCC0958003F99EF /* Info.plist */,
			);
			path = RealmKitTests;
			sourceTree = "<group>";
		};
		D94E331967F613F70E831D3A /* Frameworks */ = {
			isa = PBXGroup;
			children = (
				E021456C5010D2F77530E19D /* Pods_RealmKit.framework */,
				8C2F63E1C60F01FE88009B50 /* Pods_RealmKitTests.framework */,
			);
			name = Frameworks;
			sourceTree = "<group>";
		};
/* End PBXGroup section */

/* Begin PBXHeadersBuildPhase section */
		6A7357E31BCC0958003F99EF /* Headers */ = {
			isa = PBXHeadersBuildPhase;
			buildActionMask = 2147483647;
			files = (
				6A7357EA1BCC0958003F99EF /* RealmKit.h in Headers */,
			);
			runOnlyForDeploymentPostprocessing = 0;
		};
/* End PBXHeadersBuildPhase section */

/* Begin PBXNativeTarget section */
		6A7357E51BCC0958003F99EF /* RealmKit */ = {
			isa = PBXNativeTarget;
			buildConfigurationList = 6A7357FA1BCC0958003F99EF /* Build configuration list for PBXNativeTarget "RealmKit" */;
			buildPhases = (
				222D8348F2C28B8418C3A353 /* [CP] Check Pods Manifest.lock */,
				6A7357E11BCC0958003F99EF /* Sources */,
				6A7357E21BCC0958003F99EF /* Frameworks */,
				6A7357E31BCC0958003F99EF /* Headers */,
				6A7357E41BCC0958003F99EF /* Resources */,
				0D6F7B2C947010C852370B9A /* [CP] Copy Pods Resources */,
			);
			buildRules = (
			);
			dependencies = (
			);
			name = RealmKit;
			productName = RealmKit;
			productReference = 6A7357E61BCC0958003F99EF /* RealmKit.framework */;
			productType = "com.apple.product-type.framework";
		};
		6A7357EF1BCC0958003F99EF /* RealmKitTests */ = {
			isa = PBXNativeTarget;
			buildConfigurationList = 6A7357FD1BCC0958003F99EF /* Build configuration list for PBXNativeTarget "RealmKitTests" */;
			buildPhases = (
				04D66D1F083C19E991E70672 /* [CP] Check Pods Manifest.lock */,
				6A7357EC1BCC0958003F99EF /* Sources */,
				6A7357ED1BCC0958003F99EF /* Frameworks */,
				6A7357EE1BCC0958003F99EF /* Resources */,
				655A56CB934C1BEDE14957A2 /* [CP] Embed Pods Frameworks */,
				2D07FB9B6C90958AF19C0F3C /* [CP] Copy Pods Resources */,
			);
			buildRules = (
			);
			dependencies = (
				6A7357F31BCC0958003F99EF /* PBXTargetDependency */,
			);
			name = RealmKitTests;
			productName = RealmKitTests;
			productReference = 6A7357F01BCC0958003F99EF /* RealmKitTests.xctest */;
			productType = "com.apple.product-type.bundle.unit-test";
		};
/* End PBXNativeTarget section */

/* Begin PBXProject section */
		6A7357DD1BCC0958003F99EF /* Project object */ = {
			isa = PBXProject;
			attributes = {
				LastSwiftUpdateCheck = 0700;
				LastUpgradeCheck = 0800;
				ORGANIZATIONNAME = Aplo;
				TargetAttributes = {
					6A7357E51BCC0958003F99EF = {
						CreatedOnToolsVersion = 7.0.1;
						LastSwiftMigration = 0800;
					};
					6A7357EF1BCC0958003F99EF = {
						CreatedOnToolsVersion = 7.0.1;
						LastSwiftMigration = 0800;
					};
				};
			};
			buildConfigurationList = 6A7357E01BCC0958003F99EF /* Build configuration list for PBXProject "RealmKit" */;
			compatibilityVersion = "Xcode 3.2";
			developmentRegion = English;
			hasScannedForEncodings = 0;
			knownRegions = (
				en,
			);
			mainGroup = 6A7357DC1BCC0958003F99EF;
			productRefGroup = 6A7357E71BCC0958003F99EF /* Products */;
			projectDirPath = "";
			projectRoot = "";
			targets = (
				6A7357E51BCC0958003F99EF /* RealmKit */,
				6A7357EF1BCC0958003F99EF /* RealmKitTests */,
			);
		};
/* End PBXProject section */

/* Begin PBXResourcesBuildPhase section */
		6A7357E41BCC0958003F99EF /* Resources */ = {
			isa = PBXResourcesBuildPhase;
			buildActionMask = 2147483647;
			files = (
			);
			runOnlyForDeploymentPostprocessing = 0;
		};
		6A7357EE1BCC0958003F99EF /* Resources */ = {
			isa = PBXResourcesBuildPhase;
			buildActionMask = 2147483647;
			files = (
				6A3305DA1BCC0A5E0052DF25 /* User.json in Resources */,
				6A3305D91BCC0A5E0052DF25 /* Item.json in Resources */,
			);
			runOnlyForDeploymentPostprocessing = 0;
		};
/* End PBXResourcesBuildPhase section */

/* Begin PBXShellScriptBuildPhase section */
		04D66D1F083C19E991E70672 /* [CP] Check Pods Manifest.lock */ = {
			isa = PBXShellScriptBuildPhase;
			buildActionMask = 2147483647;
			files = (
			);
			inputPaths = (
			);
			name = "[CP] Check Pods Manifest.lock";
			outputPaths = (
			);
			runOnlyForDeploymentPostprocessing = 0;
			shellPath = /bin/sh;
			shellScript = "diff \"${PODS_ROOT}/../Podfile.lock\" \"${PODS_ROOT}/Manifest.lock\" > /dev/null\nif [[ $? != 0 ]] ; then\n    cat << EOM\nerror: The sandbox is not in sync with the Podfile.lock. Run 'pod install' or update your CocoaPods installation.\nEOM\n    exit 1\nfi\n";
			showEnvVarsInLog = 0;
		};
		0D6F7B2C947010C852370B9A /* [CP] Copy Pods Resources */ = {
			isa = PBXShellScriptBuildPhase;
			buildActionMask = 2147483647;
			files = (
			);
			inputPaths = (
			);
			name = "[CP] Copy Pods Resources";
			outputPaths = (
			);
			runOnlyForDeploymentPostprocessing = 0;
			shellPath = /bin/sh;
			shellScript = "\"${SRCROOT}/Pods/Target Support Files/Pods-RealmKit/Pods-RealmKit-resources.sh\"\n";
			showEnvVarsInLog = 0;
		};
		222D8348F2C28B8418C3A353 /* [CP] Check Pods Manifest.lock */ = {
			isa = PBXShellScriptBuildPhase;
			buildActionMask = 2147483647;
			files = (
			);
			inputPaths = (
			);
			name = "[CP] Check Pods Manifest.lock";
			outputPaths = (
			);
			runOnlyForDeploymentPostprocessing = 0;
			shellPath = /bin/sh;
			shellScript = "diff \"${PODS_ROOT}/../Podfile.lock\" \"${PODS_ROOT}/Manifest.lock\" > /dev/null\nif [[ $? != 0 ]] ; then\n    cat << EOM\nerror: The sandbox is not in sync with the Podfile.lock. Run 'pod install' or update your CocoaPods installation.\nEOM\n    exit 1\nfi\n";
			showEnvVarsInLog = 0;
		};
		2D07FB9B6C90958AF19C0F3C /* [CP] Copy Pods Resources */ = {
			isa = PBXShellScriptBuildPhase;
			buildActionMask = 2147483647;
			files = (
			);
			inputPaths = (
			);
			name = "[CP] Copy Pods Resources";
			outputPaths = (
			);
			runOnlyForDeploymentPostprocessing = 0;
			shellPath = /bin/sh;
			shellScript = "\"${SRCROOT}/Pods/Target Support Files/Pods-RealmKitTests/Pods-RealmKitTests-resources.sh\"\n";
			showEnvVarsInLog = 0;
		};
		655A56CB934C1BEDE14957A2 /* [CP] Embed Pods Frameworks */ = {
			isa = PBXShellScriptBuildPhase;
			buildActionMask = 2147483647;
			files = (
			);
			inputPaths = (
			);
			name = "[CP] Embed Pods Frameworks";
			outputPaths = (
			);
			runOnlyForDeploymentPostprocessing = 0;
			shellPath = /bin/sh;
			shellScript = "\"${SRCROOT}/Pods/Target Support Files/Pods-RealmKitTests/Pods-RealmKitTests-frameworks.sh\"\n";
			showEnvVarsInLog = 0;
		};
/* End PBXShellScriptBuildPhase section */

/* Begin PBXSourcesBuildPhase section */
		6A7357E11BCC0958003F99EF /* Sources */ = {
			isa = PBXSourcesBuildPhase;
			buildActionMask = 2147483647;
			files = (
				6A6ED69F1C5215A3004E6665 /* Fetch.swift in Sources */,
				6A3305D21BCC09FB0052DF25 /* RealmSyncManager.swift in Sources */,
				6A64B7CD1BD9274900BEE59B /* RealmKit.swift in Sources */,
				6A6ED6A31C521D4B004E6665 /* RealmKitObject.swift in Sources */,
				6A57D4A01C9ADBCF00A2FA9A /* RealmFetchPaged.swift in Sources */,
				6A71D84B1D9A7411009966E6 /* Protocols.swift in Sources */,
				6A6ED6A11C5215FA004E6665 /* Sync.swift in Sources */,
				6A00B4261C53985500728643 /* RealmFetchManager.swift in Sources */,
				6A3305D11BCC09FB0052DF25 /* JSONSerializer.swift in Sources */,
				6A37CB1B1D95CDAC00676C02 /* RKError.swift in Sources */,
			);
			runOnlyForDeploymentPostprocessing = 0;
		};
		6A7357EC1BCC0958003F99EF /* Sources */ = {
			isa = PBXSourcesBuildPhase;
			buildActionMask = 2147483647;
			files = (
				6A3305DF1BCC0A820052DF25 /* RealmSyncManagerTests.swift in Sources */,
				6A3305DE1BCC0A820052DF25 /* RealmJSONSerializerTests.swift in Sources */,
				6A3305E01BCC0A820052DF25 /* RealmTestCase.swift in Sources */,
			);
			runOnlyForDeploymentPostprocessing = 0;
		};
/* End PBXSourcesBuildPhase section */

/* Begin PBXTargetDependency section */
		6A7357F31BCC0958003F99EF /* PBXTargetDependency */ = {
			isa = PBXTargetDependency;
			target = 6A7357E51BCC0958003F99EF /* RealmKit */;
			targetProxy = 6A7357F21BCC0958003F99EF /* PBXContainerItemProxy */;
		};
/* End PBXTargetDependency section */

/* Begin XCBuildConfiguration section */
		6A7357F81BCC0958003F99EF /* Debug */ = {
			isa = XCBuildConfiguration;
			buildSettings = {
				ALWAYS_SEARCH_USER_PATHS = NO;
				CLANG_CXX_LANGUAGE_STANDARD = "gnu++0x";
				CLANG_CXX_LIBRARY = "libc++";
				CLANG_ENABLE_MODULES = YES;
				CLANG_ENABLE_OBJC_ARC = YES;
				CLANG_WARN_BOOL_CONVERSION = YES;
				CLANG_WARN_CONSTANT_CONVERSION = YES;
				CLANG_WARN_DIRECT_OBJC_ISA_USAGE = YES_ERROR;
				CLANG_WARN_EMPTY_BODY = YES;
				CLANG_WARN_ENUM_CONVERSION = YES;
				CLANG_WARN_INFINITE_RECURSION = YES;
				CLANG_WARN_INT_CONVERSION = YES;
				CLANG_WARN_OBJC_ROOT_CLASS = YES_ERROR;
				CLANG_WARN_SUSPICIOUS_MOVE = YES;
				CLANG_WARN_UNREACHABLE_CODE = YES;
				CLANG_WARN__DUPLICATE_METHOD_MATCH = YES;
				"CODE_SIGN_IDENTITY[sdk=iphoneos*]" = "iPhone Developer";
				COPY_PHASE_STRIP = NO;
				CURRENT_PROJECT_VERSION = 1;
				DEBUG_INFORMATION_FORMAT = dwarf;
				ENABLE_STRICT_OBJC_MSGSEND = YES;
				ENABLE_TESTABILITY = YES;
				GCC_C_LANGUAGE_STANDARD = gnu99;
				GCC_DYNAMIC_NO_PIC = NO;
				GCC_NO_COMMON_BLOCKS = YES;
				GCC_OPTIMIZATION_LEVEL = 0;
				GCC_PREPROCESSOR_DEFINITIONS = (
					"DEBUG=1",
					"$(inherited)",
				);
				GCC_WARN_64_TO_32_BIT_CONVERSION = YES;
				GCC_WARN_ABOUT_RETURN_TYPE = YES_ERROR;
				GCC_WARN_UNDECLARED_SELECTOR = YES;
				GCC_WARN_UNINITIALIZED_AUTOS = YES_AGGRESSIVE;
				GCC_WARN_UNUSED_FUNCTION = YES;
				GCC_WARN_UNUSED_VARIABLE = YES;
				IPHONEOS_DEPLOYMENT_TARGET = 9.0;
				MTL_ENABLE_DEBUG_INFO = YES;
				ONLY_ACTIVE_ARCH = YES;
				SDKROOT = iphoneos;
				SWIFT_OPTIMIZATION_LEVEL = "-Onone";
				SWIFT_VERSION = 3.0;
				TARGETED_DEVICE_FAMILY = "1,2";
				VERSIONING_SYSTEM = "apple-generic";
				VERSION_INFO_PREFIX = "";
			};
			name = Debug;
		};
		6A7357F91BCC0958003F99EF /* Release */ = {
			isa = XCBuildConfiguration;
			buildSettings = {
				ALWAYS_SEARCH_USER_PATHS = NO;
				CLANG_CXX_LANGUAGE_STANDARD = "gnu++0x";
				CLANG_CXX_LIBRARY = "libc++";
				CLANG_ENABLE_MODULES = YES;
				CLANG_ENABLE_OBJC_ARC = YES;
				CLANG_WARN_BOOL_CONVERSION = YES;
				CLANG_WARN_CONSTANT_CONVERSION = YES;
				CLANG_WARN_DIRECT_OBJC_ISA_USAGE = YES_ERROR;
				CLANG_WARN_EMPTY_BODY = YES;
				CLANG_WARN_ENUM_CONVERSION = YES;
				CLANG_WARN_INFINITE_RECURSION = YES;
				CLANG_WARN_INT_CONVERSION = YES;
				CLANG_WARN_OBJC_ROOT_CLASS = YES_ERROR;
				CLANG_WARN_SUSPICIOUS_MOVE = YES;
				CLANG_WARN_UNREACHABLE_CODE = YES;
				CLANG_WARN__DUPLICATE_METHOD_MATCH = YES;
				"CODE_SIGN_IDENTITY[sdk=iphoneos*]" = "iPhone Developer";
				COPY_PHASE_STRIP = NO;
				CURRENT_PROJECT_VERSION = 1;
				DEBUG_INFORMATION_FORMAT = "dwarf-with-dsym";
				ENABLE_NS_ASSERTIONS = NO;
				ENABLE_STRICT_OBJC_MSGSEND = YES;
				GCC_C_LANGUAGE_STANDARD = gnu99;
				GCC_NO_COMMON_BLOCKS = YES;
				GCC_WARN_64_TO_32_BIT_CONVERSION = YES;
				GCC_WARN_ABOUT_RETURN_TYPE = YES_ERROR;
				GCC_WARN_UNDECLARED_SELECTOR = YES;
				GCC_WARN_UNINITIALIZED_AUTOS = YES_AGGRESSIVE;
				GCC_WARN_UNUSED_FUNCTION = YES;
				GCC_WARN_UNUSED_VARIABLE = YES;
				IPHONEOS_DEPLOYMENT_TARGET = 9.0;
				MTL_ENABLE_DEBUG_INFO = NO;
				SDKROOT = iphoneos;
				SWIFT_OPTIMIZATION_LEVEL = "-Owholemodule";
				SWIFT_VERSION = 3.0;
				TARGETED_DEVICE_FAMILY = "1,2";
				VALIDATE_PRODUCT = YES;
				VERSIONING_SYSTEM = "apple-generic";
				VERSION_INFO_PREFIX = "";
			};
			name = Release;
		};
		6A7357FB1BCC0958003F99EF /* Debug */ = {
			isa = XCBuildConfiguration;
			baseConfigurationReference = 37AAF79ECCA76A18469F15BF /* Pods-RealmKit.debug.xcconfig */;
			buildSettings = {
				ALWAYS_EMBED_SWIFT_STANDARD_LIBRARIES = YES;
				CLANG_ENABLE_MODULES = YES;
				"CODE_SIGN_IDENTITY[sdk=iphoneos*]" = "";
				DEFINES_MODULE = YES;
				DYLIB_COMPATIBILITY_VERSION = 1;
				DYLIB_CURRENT_VERSION = 1;
				DYLIB_INSTALL_NAME_BASE = "@rpath";
				INFOPLIST_FILE = RealmKit/Info.plist;
				INSTALL_PATH = "$(LOCAL_LIBRARY_DIR)/Frameworks";
				LD_RUNPATH_SEARCH_PATHS = "$(inherited) @executable_path/Frameworks @loader_path/Frameworks";
				PRODUCT_BUNDLE_IDENTIFIER = com.aplo.RealmKit;
				PRODUCT_NAME = "$(TARGET_NAME)";
				SKIP_INSTALL = YES;
				SWIFT_OPTIMIZATION_LEVEL = "-Onone";
				SWIFT_VERSION = 3.0;
			};
			name = Debug;
		};
		6A7357FC1BCC0958003F99EF /* Release */ = {
			isa = XCBuildConfiguration;
			baseConfigurationReference = A9EBA931D396791C014642FC /* Pods-RealmKit.release.xcconfig */;
			buildSettings = {
				ALWAYS_EMBED_SWIFT_STANDARD_LIBRARIES = YES;
				CLANG_ENABLE_MODULES = YES;
				"CODE_SIGN_IDENTITY[sdk=iphoneos*]" = "";
				DEFINES_MODULE = YES;
				DYLIB_COMPATIBILITY_VERSION = 1;
				DYLIB_CURRENT_VERSION = 1;
				DYLIB_INSTALL_NAME_BASE = "@rpath";
				INFOPLIST_FILE = RealmKit/Info.plist;
				INSTALL_PATH = "$(LOCAL_LIBRARY_DIR)/Frameworks";
				LD_RUNPATH_SEARCH_PATHS = "$(inherited) @executable_path/Frameworks @loader_path/Frameworks";
				PRODUCT_BUNDLE_IDENTIFIER = com.aplo.RealmKit;
				PRODUCT_NAME = "$(TARGET_NAME)";
				SKIP_INSTALL = YES;
				SWIFT_VERSION = 3.0;
			};
			name = Release;
		};
		6A7357FE1BCC0958003F99EF /* Debug */ = {
			isa = XCBuildConfiguration;
			baseConfigurationReference = 5DA37B9DA3EF4ABF74490F98 /* Pods-RealmKitTests.debug.xcconfig */;
			buildSettings = {
				ALWAYS_EMBED_SWIFT_STANDARD_LIBRARIES = YES;
				CLANG_ENABLE_MODULES = YES;
				INFOPLIST_FILE = RealmKitTests/Info.plist;
				LD_RUNPATH_SEARCH_PATHS = "$(inherited) @executable_path/Frameworks @loader_path/Frameworks";
				PRODUCT_BUNDLE_IDENTIFIER = com.aplo.RealmKitTests;
				PRODUCT_NAME = "$(TARGET_NAME)";
				SWIFT_OPTIMIZATION_LEVEL = "-Onone";
				SWIFT_VERSION = 3.0;
			};
			name = Debug;
		};
		6A7357FF1BCC0958003F99EF /* Release */ = {
			isa = XCBuildConfiguration;
			baseConfigurationReference = 0209A4865AE7678737A41CB2 /* Pods-RealmKitTests.release.xcconfig */;
			buildSettings = {
				ALWAYS_EMBED_SWIFT_STANDARD_LIBRARIES = YES;
				CLANG_ENABLE_MODULES = YES;
				INFOPLIST_FILE = RealmKitTests/Info.plist;
				LD_RUNPATH_SEARCH_PATHS = "$(inherited) @executable_path/Frameworks @loader_path/Frameworks";
				PRODUCT_BUNDLE_IDENTIFIER = com.aplo.RealmKitTests;
				PRODUCT_NAME = "$(TARGET_NAME)";
				SWIFT_VERSION = 3.0;
			};
			name = Release;
		};
/* End XCBuildConfiguration section */

/* Begin XCConfigurationList section */
		6A7357E01BCC0958003F99EF /* Build configuration list for PBXProject "RealmKit" */ = {
			isa = XCConfigurationList;
			buildConfigurations = (
				6A7357F81BCC0958003F99EF /* Debug */,
				6A7357F91BCC0958003F99EF /* Release */,
			);
			defaultConfigurationIsVisible = 0;
			defaultConfigurationName = Release;
		};
		6A7357FA1BCC0958003F99EF /* Build configuration list for PBXNativeTarget "RealmKit" */ = {
			isa = XCConfigurationList;
			buildConfigurations = (
				6A7357FB1BCC0958003F99EF /* Debug */,
				6A7357FC1BCC0958003F99EF /* Release */,
			);
			defaultConfigurationIsVisible = 0;
			defaultConfigurationName = Release;
		};
		6A7357FD1BCC0958003F99EF /* Build configuration list for PBXNativeTarget "RealmKitTests" */ = {
			isa = XCConfigurationList;
			buildConfigurations = (
				6A7357FE1BCC0958003F99EF /* Debug */,
				6A7357FF1BCC0958003F99EF /* Release */,
			);
			defaultConfigurationIsVisible = 0;
			defaultConfigurationName = Release;
		};
/* End XCConfigurationList section */
	};
	rootObject = 6A7357DD1BCC0958003F99EF /* Project object */;
}
